// !$*UTF8*$!
{
	archiveVersion = 1;
	classes = {
	};
	objectVersion = 46;
	objects = {

/* Begin PBXBuildFile section */
		8F1E32B51C00BACC00B061A1 /* main.m in Sources */ = {isa = PBXBuildFile; fileRef = 8F1E32B41C00BACC00B061A1 /* main.m */; };
		8F1E32B81C00BACC00B061A1 /* AppDelegate.m in Sources */ = {isa = PBXBuildFile; fileRef = 8F1E32B71C00BACC00B061A1 /* AppDelegate.m */; };
		8F1E32BB1C00BACC00B061A1 /* ViewController.m in Sources */ = {isa = PBXBuildFile; fileRef = 8F1E32BA1C00BACC00B061A1 /* ViewController.m */; };
		8F1E32BE1C00BACC00B061A1 /* Main.storyboard in Resources */ = {isa = PBXBuildFile; fileRef = 8F1E32BC1C00BACC00B061A1 /* Main.storyboard */; };
		8F1E32C01C00BACC00B061A1 /* Assets.xcassets in Resources */ = {isa = PBXBuildFile; fileRef = 8F1E32BF1C00BACC00B061A1 /* Assets.xcassets */; };
		8F1E32C31C00BACC00B061A1 /* LaunchScreen.storyboard in Resources */ = {isa = PBXBuildFile; fileRef = 8F1E32C11C00BACC00B061A1 /* LaunchScreen.storyboard */; };
		8F1E32CE1C00BACC00B061A1 /* Test_htmlTests.m in Sources */ = {isa = PBXBuildFile; fileRef = 8F1E32CD1C00BACC00B061A1 /* Test_htmlTests.m */; };
		8F1E32D91C00BACC00B061A1 /* Test_htmlUITests.m in Sources */ = {isa = PBXBuildFile; fileRef = 8F1E32D81C00BACC00B061A1 /* Test_htmlUITests.m */; };
/* End PBXBuildFile section */

/* Begin PBXContainerItemProxy section */
		8F1E32CA1C00BACC00B061A1 /* PBXContainerItemProxy */ = {
			isa = PBXContainerItemProxy;
			containerPortal = 8F1E32A81C00BACC00B061A1 /* Project object */;
			proxyType = 1;
			remoteGlobalIDString = 8F1E32AF1C00BACC00B061A1;
			remoteInfo = Test_html;
		};
		8F1E32D51C00BACC00B061A1 /* PBXContainerItemProxy */ = {
			isa = PBXContainerItemProxy;
			containerPortal = 8F1E32A81C00BACC00B061A1 /* Project object */;
			proxyType = 1;
			remoteGlobalIDString = 8F1E32AF1C00BACC00B061A1;
			remoteInfo = Test_html;
		};
/* End PBXContainerItemProxy section */

/* Begin PBXFileReference section */
		8F1E32B01C00BACC00B061A1 /* Test_html.app */ = {isa = PBXFileReference; explicitFileType = wrapper.application; includeInIndex = 0; path = Test_html.app; sourceTree = BUILT_PRODUCTS_DIR; };
		8F1E32B41C00BACC00B061A1 /* main.m */ = {isa = PBXFileReference; lastKnownFileType = sourcecode.c.objc; path = main.m; sourceTree = "<group>"; };
		8F1E32B61C00BACC00B061A1 /* AppDelegate.h */ = {isa = PBXFileReference; lastKnownFileType = sourcecode.c.h; path = AppDelegate.h; sourceTree = "<group>"; };
		8F1E32B71C00BACC00B061A1 /* AppDelegate.m */ = {isa = PBXFileReference; lastKnownFileType = sourcecode.c.objc; path = AppDelegate.m; sourceTree = "<group>"; };
		8F1E32B91C00BACC00B061A1 /* ViewController.h */ = {isa = PBXFileReference; lastKnownFileType = sourcecode.c.h; path = ViewController.h; sourceTree = "<group>"; };
		8F1E32BA1C00BACC00B061A1 /* ViewController.m */ = {isa = PBXFileReference; lastKnownFileType = sourcecode.c.objc; path = ViewController.m; sourceTree = "<group>"; };
		8F1E32BD1C00BACC00B061A1 /* Base */ = {isa = PBXFileReference; lastKnownFileType = file.storyboard; name = Base; path = Base.lproj/Main.storyboard; sourceTree = "<group>"; };
		8F1E32BF1C00BACC00B061A1 /* Assets.xcassets */ = {isa = PBXFileReference; lastKnownFileType = folder.assetcatalog; path = Assets.xcassets; sourceTree = "<group>"; };
		8F1E32C21C00BACC00B061A1 /* Base */ = {isa = PBXFileReference; lastKnownFileType = file.storyboard; name = Base; path = Base.lproj/LaunchScreen.storyboard; sourceTree = "<group>"; };
		8F1E32C41C00BACC00B061A1 /* Info.plist */ = {isa = PBXFileReference; lastKnownFileType = text.plist.xml; path = Info.plist; sourceTree = "<group>"; };
		8F1E32C91C00BACC00B061A1 /* Test_htmlTests.xctest */ = {isa = PBXFileReference; explicitFileType = wrapper.cfbundle; includeInIndex = 0; path = Test_htmlTests.xctest; sourceTree = BUILT_PRODUCTS_DIR; };
		8F1E32CD1C00BACC00B061A1 /* Test_htmlTests.m */ = {isa = PBXFileReference; lastKnownFileType = sourcecode.c.objc; path = Test_htmlTests.m; sourceTree = "<group>"; };
		8F1E32CF1C00BACC00B061A1 /* Info.plist */ = {isa = PBXFileReference; lastKnownFileType = text.plist.xml; path = Info.plist; sourceTree = "<group>"; };
		8F1E32D41C00BACC00B061A1 /* Test_htmlUITests.xctest */ = {isa = PBXFileReference; explicitFileType = wrapper.cfbundle; includeInIndex = 0; path = Test_htmlUITests.xctest; sourceTree = BUILT_PRODUCTS_DIR; };
		8F1E32D81C00BACC00B061A1 /* Test_htmlUITests.m */ = {isa = PBXFileReference; lastKnownFileType = sourcecode.c.objc; path = Test_htmlUITests.m; sourceTree = "<group>"; };
		8F1E32DA1C00BACC00B061A1 /* Info.plist */ = {isa = PBXFileReference; lastKnownFileType = text.plist.xml; path = Info.plist; sourceTree = "<group>"; };
/* End PBXFileReference section */

/* Begin PBXFrameworksBuildPhase section */
		8F1E32AD1C00BACC00B061A1 /* Frameworks */ = {
			isa = PBXFrameworksBuildPhase;
			buildActionMask = 2147483647;
			files = (
			);
			runOnlyForDeploymentPostprocessing = 0;
		};
		8F1E32C61C00BACC00B061A1 /* Frameworks */ = {
			isa = PBXFrameworksBuildPhase;
			buildActionMask = 2147483647;
			files = (
			);
			runOnlyForDeploymentPostprocessing = 0;
		};
		8F1E32D11C00BACC00B061A1 /* Frameworks */ = {
			isa = PBXFrameworksBuildPhase;
			buildActionMask = 2147483647;
			files = (
			);
			runOnlyForDeploymentPostprocessing = 0;
		};
/* End PBXFrameworksBuildPhase section */

/* Begin PBXGroup section */
		8F1E32A71C00BACC00B061A1 = {
			isa = PBXGroup;
			children = (
				8F1E32B21C00BACC00B061A1 /* Test_html */,
				8F1E32CC1C00BACC00B061A1 /* Test_htmlTests */,
				8F1E32D71C00BACC00B061A1 /* Test_htmlUITests */,
				8F1E32B11C00BACC00B061A1 /* Products */,
			);
			sourceTree = "<group>";
		};
		8F1E32B11C00BACC00B061A1 /* Products */ = {
			isa = PBXGroup;
			children = (
				8F1E32B01C00BACC00B061A1 /* Test_html.app */,
				8F1E32C91C00BACC00B061A1 /* Test_htmlTests.xctest */,
				8F1E32D41C00BACC00B061A1 /* Test_htmlUITests.xctest */,
			);
			name = Products;
			sourceTree = "<group>";
		};
		8F1E32B21C00BACC00B061A1 /* Test_html */ = {
			isa = PBXGroup;
			children = (
				8F1E32B61C00BACC00B061A1 /* AppDelegate.h */,
				8F1E32B71C00BACC00B061A1 /* AppDelegate.m */,
				8F1E32B91C00BACC00B061A1 /* ViewController.h */,
				8F1E32BA1C00BACC00B061A1 /* ViewController.m */,
				8F1E32BC1C00BACC00B061A1 /* Main.storyboard */,
				8F1E32BF1C00BACC00B061A1 /* Assets.xcassets */,
				8F1E32C11C00BACC00B061A1 /* LaunchScreen.storyboard */,
				8F1E32C41C00BACC00B061A1 /* Info.plist */,
				8F1E32B31C00BACC00B061A1 /* Supporting Files */,
			);
			path = Test_html;
			sourceTree = "<group>";
		};
		8F1E32B31C00BACC00B061A1 /* Supporting Files */ = {
			isa = PBXGroup;
			children = (
				8F1E32B41C00BACC00B061A1 /* main.m */,
			);
			name = "Supporting Files";
			sourceTree = "<group>";
		};
		8F1E32CC1C00BACC00B061A1 /* Test_htmlTests */ = {
			isa = PBXGroup;
			children = (
				8F1E32CD1C00BACC00B061A1 /* Test_htmlTests.m */,
				8F1E32CF1C00BACC00B061A1 /* Info.plist */,
			);
			path = Test_htmlTests;
			sourceTree = "<group>";
		};
		8F1E32D71C00BACC00B061A1 /* Test_htmlUITests */ = {
			isa = PBXGroup;
			children = (
				8F1E32D81C00BACC00B061A1 /* Test_htmlUITests.m */,
				8F1E32DA1C00BACC00B061A1 /* Info.plist */,
			);
			path = Test_htmlUITests;
			sourceTree = "<group>";
		};
/* End PBXGroup section */

/* Begin PBXNativeTarget section */
		8F1E32AF1C00BACC00B061A1 /* Test_html */ = {
			isa = PBXNativeTarget;
			buildConfigurationList = 8F1E32DD1C00BACC00B061A1 /* Build configuration list for PBXNativeTarget "Test_html" */;
			buildPhases = (
				8F1E32AC1C00BACC00B061A1 /* Sources */,
				8F1E32AD1C00BACC00B061A1 /* Frameworks */,
				8F1E32AE1C00BACC00B061A1 /* Resources */,
			);
			buildRules = (
			);
			dependencies = (
			);
			name = Test_html;
			productName = Test_html;
			productReference = 8F1E32B01C00BACC00B061A1 /* Test_html.app */;
			productType = "com.apple.product-type.application";
		};
		8F1E32C81C00BACC00B061A1 /* Test_htmlTests */ = {
			isa = PBXNativeTarget;
			buildConfigurationList = 8F1E32E01C00BACC00B061A1 /* Build configuration list for PBXNativeTarget "Test_htmlTests" */;
			buildPhases = (
				8F1E32C51C00BACC00B061A1 /* Sources */,
				8F1E32C61C00BACC00B061A1 /* Frameworks */,
				8F1E32C71C00BACC00B061A1 /* Resources */,
			);
			buildRules = (
			);
			dependencies = (
				8F1E32CB1C00BACC00B061A1 /* PBXTargetDependency */,
			);
			name = Test_htmlTests;
			productName = Test_htmlTests;
			productReference = 8F1E32C91C00BACC00B061A1 /* Test_htmlTests.xctest */;
			productType = "com.apple.product-type.bundle.unit-test";
		};
		8F1E32D31C00BACC00B061A1 /* Test_htmlUITests */ = {
			isa = PBXNativeTarget;
			buildConfigurationList = 8F1E32E31C00BACC00B061A1 /* Build configuration list for PBXNativeTarget "Test_htmlUITests" */;
			buildPhases = (
				8F1E32D01C00BACC00B061A1 /* Sources */,
				8F1E32D11C00BACC00B061A1 /* Frameworks */,
				8F1E32D21C00BACC00B061A1 /* Resources */,
			);
			buildRules = (
			);
			dependencies = (
				8F1E32D61C00BACC00B061A1 /* PBXTargetDependency */,
			);
			name = Test_htmlUITests;
			productName = Test_htmlUITests;
			productReference = 8F1E32D41C00BACC00B061A1 /* Test_htmlUITests.xctest */;
			productType = "com.apple.product-type.bundle.ui-testing";
		};
/* End PBXNativeTarget section */

/* Begin PBXProject section */
		8F1E32A81C00BACC00B061A1 /* Project object */ = {
			isa = PBXProject;
			attributes = {
				LastUpgradeCheck = 0710;
				ORGANIZATIONNAME = tigger;
				TargetAttributes = {
					8F1E32AF1C00BACC00B061A1 = {
						CreatedOnToolsVersion = 7.1;
					};
					8F1E32C81C00BACC00B061A1 = {
						CreatedOnToolsVersion = 7.1;
						TestTargetID = 8F1E32AF1C00BACC00B061A1;
					};
					8F1E32D31C00BACC00B061A1 = {
						CreatedOnToolsVersion = 7.1;
						TestTargetID = 8F1E32AF1C00BACC00B061A1;
					};
				};
			};
			buildConfigurationList = 8F1E32AB1C00BACC00B061A1 /* Build configuration list for PBXProject "Test_html" */;
			compatibilityVersion = "Xcode 3.2";
			developmentRegion = English;
			hasScannedForEncodings = 0;
			knownRegions = (
				en,
				Base,
			);
			mainGroup = 8F1E32A71C00BACC00B061A1;
			productRefGroup = 8F1E32B11C00BACC00B061A1 /* Products */;
			projectDirPath = "";
			projectRoot = "";
			targets = (
				8F1E32AF1C00BACC00B061A1 /* Test_html */,
				8F1E32C81C00BACC00B061A1 /* Test_htmlTests */,
				8F1E32D31C00BACC00B061A1 /* Test_htmlUITests */,
			);
		};
/* End PBXProject section */

/* Begin PBXResourcesBuildPhase section */
		8F1E32AE1C00BACC00B061A1 /* Resources */ = {
			isa = PBXResourcesBuildPhase;
			buildActionMask = 2147483647;
			files = (
				8F1E32C31C00BACC00B061A1 /* LaunchScreen.storyboard in Resources */,
				8F1E32C01C00BACC00B061A1 /* Assets.xcassets in Resources */,
				8F1E32BE1C00BACC00B061A1 /* Main.storyboard in Resources */,
			);
			runOnlyForDeploymentPostprocessing = 0;
		};
		8F1E32C71C00BACC00B061A1 /* Resources */ = {
			isa = PBXResourcesBuildPhase;
			buildActionMask = 2147483647;
			files = (
			);
			runOnlyForDeploymentPostprocessing = 0;
		};
		8F1E32D21C00BACC00B061A1 /* Resources */ = {
			isa = PBXResourcesBuildPhase;
			buildActionMask = 2147483647;
			files = (
			);
			runOnlyForDeploymentPostprocessing = 0;
		};
/* End PBXResourcesBuildPhase section */

/* Begin PBXSourcesBuildPhase section */
		8F1E32AC1C00BACC00B061A1 /* Sources */ = {
			isa = PBXSourcesBuildPhase;
			buildActionMask = 2147483647;
			files = (
				8F1E32BB1C00BACC00B061A1 /* ViewController.m in Sources */,
				8F1E32B81C00BACC00B061A1 /* AppDelegate.m in Sources */,
				8F1E32B51C00BACC00B061A1 /* main.m in Sources */,
			);
			runOnlyForDeploymentPostprocessing = 0;
		};
		8F1E32C51C00BACC00B061A1 /* Sources */ = {
			isa = PBXSourcesBuildPhase;
			buildActionMask = 2147483647;
			files = (
				8F1E32CE1C00BACC00B061A1 /* Test_htmlTests.m in Sources */,
			);
			runOnlyForDeploymentPostprocessing = 0;
		};
		8F1E32D01C00BACC00B061A1 /* Sources */ = {
			isa = PBXSourcesBuildPhase;
			buildActionMask = 2147483647;
			files = (
				8F1E32D91C00BACC00B061A1 /* Test_htmlUITests.m in Sources */,
			);
			runOnlyForDeploymentPostprocessing = 0;
		};
/* End PBXSourcesBuildPhase section */

/* Begin PBXTargetDependency section */
		8F1E32CB1C00BACC00B061A1 /* PBXTargetDependency */ = {
			isa = PBXTargetDependency;
			target = 8F1E32AF1C00BACC00B061A1 /* Test_html */;
			targetProxy = 8F1E32CA1C00BACC00B061A1 /* PBXContainerItemProxy */;
		};
		8F1E32D61C00BACC00B061A1 /* PBXTargetDependency */ = {
			isa = PBXTargetDependency;
			target = 8F1E32AF1C00BACC00B061A1 /* Test_html */;
			targetProxy = 8F1E32D51C00BACC00B061A1 /* PBXContainerItemProxy */;
		};
/* End PBXTargetDependency section */

/* Begin PBXVariantGroup section */
		8F1E32BC1C00BACC00B061A1 /* Main.storyboard */ = {
			isa = PBXVariantGroup;
			children = (
				8F1E32BD1C00BACC00B061A1 /* Base */,
			);
			name = Main.storyboard;
			sourceTree = "<group>";
		};
		8F1E32C11C00BACC00B061A1 /* LaunchScreen.storyboard */ = {
			isa = PBXVariantGroup;
			children = (
				8F1E32C21C00BACC00B061A1 /* Base */,
			);
			name = LaunchScreen.storyboard;
			sourceTree = "<group>";
		};
/* End PBXVariantGroup section */

/* Begin XCBuildConfiguration section */
		8F1E32DB1C00BACC00B061A1 /* Debug */ = {
			isa = XCBuildConfiguration;
			buildSettings = {
				ALWAYS_SEARCH_USER_PATHS = NO;
				CLANG_CXX_LANGUAGE_STANDARD = "gnu++0x";
				CLANG_CXX_LIBRARY = "libc++";
				CLANG_ENABLE_MODULES = YES;
				CLANG_ENABLE_OBJC_ARC = YES;
				CLANG_WARN_BOOL_CONVERSION = YES;
				CLANG_WARN_CONSTANT_CONVERSION = YES;
				CLANG_WARN_DIRECT_OBJC_ISA_USAGE = YES_ERROR;
				CLANG_WARN_EMPTY_BODY = YES;
				CLANG_WARN_ENUM_CONVERSION = YES;
				CLANG_WARN_INT_CONVERSION = YES;
				CLANG_WARN_OBJC_ROOT_CLASS = YES_ERROR;
				CLANG_WARN_UNREACHABLE_CODE = YES;
				CLANG_WARN__DUPLICATE_METHOD_MATCH = YES;
				"CODE_SIGN_IDENTITY[sdk=iphoneos*]" = "iPhone Developer";
				COPY_PHASE_STRIP = NO;
				DEBUG_INFORMATION_FORMAT = dwarf;
				ENABLE_STRICT_OBJC_MSGSEND = YES;
				ENABLE_TESTABILITY = YES;
				GCC_C_LANGUAGE_STANDARD = gnu99;
				GCC_DYNAMIC_NO_PIC = NO;
				GCC_NO_COMMON_BLOCKS = YES;
				GCC_OPTIMIZATION_LEVEL = 0;
				GCC_PREPROCESSOR_DEFINITIONS = (
					"DEBUG=1",
					"$(inherited)",
				);
				GCC_WARN_64_TO_32_BIT_CONVERSION = YES;
				GCC_WARN_ABOUT_RETURN_TYPE = YES_ERROR;
				GCC_WARN_UNDECLARED_SELECTOR = YES;
				GCC_WARN_UNINITIALIZED_AUTOS = YES_AGGRESSIVE;
				GCC_WARN_UNUSED_FUNCTION = YES;
				GCC_WARN_UNUSED_VARIABLE = YES;
				IPHONEOS_DEPLOYMENT_TARGET = 9.1;
				MTL_ENABLE_DEBUG_INFO = YES;
				ONLY_ACTIVE_ARCH = YES;
				SDKROOT = iphoneos;
			};
			name = Debug;
		};
		8F1E32DC1C00BACC00B061A1 /* Release */ = {
			isa = XCBuildConfiguration;
			buildSettings = {
				ALWAYS_SEARCH_USER_PATHS = NO;
				CLANG_CXX_LANGUAGE_STANDARD = "gnu++0x";
				CLANG_CXX_LIBRARY = "libc++";
				CLANG_ENABLE_MODULES = YES;
				CLANG_ENABLE_OBJC_ARC = YES;
				CLANG_WARN_BOOL_CONVERSION = YES;
				CLANG_WARN_CONSTANT_CONVERSION = YES;
				CLANG_WARN_DIRECT_OBJC_ISA_USAGE = YES_ERROR;
				CLANG_WARN_EMPTY_BODY = YES;
				CLANG_WARN_ENUM_CONVERSION = YES;
				CLANG_WARN_INT_CONVERSION = YES;
				CLANG_WARN_OBJC_ROOT_CLASS = YES_ERROR;
				CLANG_WARN_UNREACHABLE_CODE = YES;
				CLANG_WARN__DUPLICATE_METHOD_MATCH = YES;
				"CODE_SIGN_IDENTITY[sdk=iphoneos*]" = "iPhone Developer";
				COPY_PHASE_STRIP = NO;
				DEBUG_INFORMATION_FORMAT = "dwarf-with-dsym";
				ENABLE_NS_ASSERTIONS = NO;
				ENABLE_STRICT_OBJC_MSGSEND = YES;
				GCC_C_LANGUAGE_STANDARD = gnu99;
				GCC_NO_COMMON_BLOCKS = YES;
				GCC_WARN_64_TO_32_BIT_CONVERSION = YES;
				GCC_WARN_ABOUT_RETURN_TYPE = YES_ERROR;
				GCC_WARN_UNDECLARED_SELECTOR = YES;
				GCC_WARN_UNINITIALIZED_AUTOS = YES_AGGRESSIVE;
				GCC_WARN_UNUSED_FUNCTION = YES;
				GCC_WARN_UNUSED_VARIABLE = YES;
				IPHONEOS_DEPLOYMENT_TARGET = 9.1;
				MTL_ENABLE_DEBUG_INFO = NO;
				SDKROOT = iphoneos;
				VALIDATE_PRODUCT = YES;
			};
			name = Release;
		};
		8F1E32DE1C00BACC00B061A1 /* Debug */ = {
			isa = XCBuildConfiguration;
			buildSettings = {
				ASSETCATALOG_COMPILER_APPICON_NAME = AppIcon;
				INFOPLIST_FILE = Test_html/Info.plist;
				LD_RUNPATH_SEARCH_PATHS = "$(inherited) @executable_path/Frameworks";
				PRODUCT_BUNDLE_IDENTIFIER = "com.Taylor.Test-html";
				PRODUCT_NAME = "$(TARGET_NAME)";
			};
			name = Debug;
		};
		8F1E32DF1C00BACC00B061A1 /* Release */ = {
			isa = XCBuildConfiguration;
			buildSettings = {
				ASSETCATALOG_COMPILER_APPICON_NAME = AppIcon;
				INFOPLIST_FILE = Test_html/Info.plist;
				LD_RUNPATH_SEARCH_PATHS = "$(inherited) @executable_path/Frameworks";
				PRODUCT_BUNDLE_IDENTIFIER = "com.Taylor.Test-html";
				PRODUCT_NAME = "$(TARGET_NAME)";
			};
			name = Release;
		};
		8F1E32E11C00BACC00B061A1 /* Debug */ = {
			isa = XCBuildConfiguration;
			buildSettings = {
				BUNDLE_LOADER = "$(TEST_HOST)";
				INFOPLIST_FILE = Test_htmlTests/Info.plist;
				LD_RUNPATH_SEARCH_PATHS = "$(inherited) @executable_path/Frameworks @loader_path/Frameworks";
				PRODUCT_BUNDLE_IDENTIFIER = "com.Taylor.Test-htmlTests";
				PRODUCT_NAME = "$(TARGET_NAME)";
				TEST_HOST = "$(BUILT_PRODUCTS_DIR)/Test_html.app/Test_html";
			};
			name = Debug;
		};
		8F1E32E21C00BACC00B061A1 /* Release */ = {
			isa = XCBuildConfiguration;
			buildSettings = {
				BUNDLE_LOADER = "$(TEST_HOST)";
				INFOPLIST_FILE = Test_htmlTests/Info.plist;
				LD_RUNPATH_SEARCH_PATHS = "$(inherited) @executable_path/Frameworks @loader_path/Frameworks";
				PRODUCT_BUNDLE_IDENTIFIER = "com.Taylor.Test-htmlTests";
				PRODUCT_NAME = "$(TARGET_NAME)";
				TEST_HOST = "$(BUILT_PRODUCTS_DIR)/Test_html.app/Test_html";
			};
			name = Release;
		};
		8F1E32E41C00BACC00B061A1 /* Debug */ = {
			isa = XCBuildConfiguration;
			buildSettings = {
				INFOPLIST_FILE = Test_htmlUITests/Info.plist;
				LD_RUNPATH_SEARCH_PATHS = "$(inherited) @executable_path/Frameworks @loader_path/Frameworks";
				PRODUCT_BUNDLE_IDENTIFIER = "com.Taylor.Test-htmlUITests";
				PRODUCT_NAME = "$(TARGET_NAME)";
				TEST_TARGET_NAME = Test_html;
				USES_XCTRUNNER = YES;
			};
			name = Debug;
		};
		8F1E32E51C00BACC00B061A1 /* Release */ = {
			isa = XCBuildConfiguration;
			buildSettings = {
				INFOPLIST_FILE = Test_htmlUITests/Info.plist;
				LD_RUNPATH_SEARCH_PATHS = "$(inherited) @executable_path/Frameworks @loader_path/Frameworks";
				PRODUCT_BUNDLE_IDENTIFIER = "com.Taylor.Test-htmlUITests";
				PRODUCT_NAME = "$(TARGET_NAME)";
				TEST_TARGET_NAME = Test_html;
				USES_XCTRUNNER = YES;
			};
			name = Release;
		};
/* End XCBuildConfiguration section */

/* Begin XCConfigurationList section */
		8F1E32AB1C00BACC00B061A1 /* Build configuration list for PBXProject "Test_html" */ = {
			isa = XCConfigurationList;
			buildConfigurations = (
				8F1E32DB1C00BACC00B061A1 /* Debug */,
				8F1E32DC1C00BACC00B061A1 /* Release */,
			);
			defaultConfigurationIsVisible = 0;
			defaultConfigurationName = Release;
		};
		8F1E32DD1C00BACC00B061A1 /* Build configuration list for PBXNativeTarget "Test_html" */ = {
			isa = XCConfigurationList;
			buildConfigurations = (
				8F1E32DE1C00BACC00B061A1 /* Debug */,
				8F1E32DF1C00BACC00B061A1 /* Release */,
			);
			defaultConfigurationIsVisible = 0;
		};
		8F1E32E01C00BACC00B061A1 /* Build configuration list for PBXNativeTarget "Test_htmlTests" */ = {
			isa = XCConfigurationList;
			buildConfigurations = (
				8F1E32E11C00BACC00B061A1 /* Debug */,
				8F1E32E21C00BACC00B061A1 /* Release */,
			);
			defaultConfigurationIsVisible = 0;
		};
		8F1E32E31C00BACC00B061A1 /* Build configuration list for PBXNativeTarget "Test_htmlUITests" */ = {
			isa = XCConfigurationList;
			buildConfigurations = (
				8F1E32E41C00BACC00B061A1 /* Debug */,
				8F1E32E51C00BACC00B061A1 /* Release */,
			);
			defaultConfigurationIsVisible = 0;
		};
/* End XCConfigurationList section */
	};
	rootObject = 8F1E32A81C00BACC00B061A1 /* Project object */;
}
